
Microsoft Visual Studio Solution File, Format Version 12.00
# Visual Studio Version 16
VisualStudioVersion = 16.0.31321.278
MinimumVisualStudioVersion = 10.0.40219.1
Project("{FAE04EC0-301F-11D3-BF4B-00C04F79EFBC}") = "CourseWorkClinic", "CourseWorkClinic\CourseWorkClinic.csproj", "{ADD112CD-5710-4EB0-9C41-0E0EE9CCDE0A}"
EndProject
Project("{FAE04EC0-301F-11D3-BF4B-00C04F79EFBC}") = "Tests", "Tests\Tests.csproj", "{9264694D-C25B-4CFA-9CC1-3C7B47997D8C}"
EndProject
Global
	GlobalSection(SolutionConfigurationPlatforms) = preSolution
		Debug|Any CPU = Debug|Any CPU
		Release|Any CPU = Release|Any CPU
	EndGlobalSection
	GlobalSection(ProjectConfigurationPlatforms) = postSolution
		{ADD112CD-5710-4EB0-9C41-0E0EE9CCDE0A}.Debug|Any CPU.ActiveCfg = Debug|Any CPU
		{ADD112CD-5710-4EB0-9C41-0E0EE9CCDE0A}.Debug|Any CPU.Build.0 = Debug|Any CPU
		{ADD112CD-5710-4EB0-9C41-0E0EE9CCDE0A}.Release|Any CPU.ActiveCfg = Release|Any CPU
		{ADD112CD-5710-4EB0-9C41-0E0EE9CCDE0A}.Release|Any CPU.Build.0 = Release|Any CPU
		{9264694D-C25B-4CFA-9CC1-3C7B47997D8C}.Debug|Any CPU.ActiveCfg = Debug|Any CPU
		{9264694D-C25B-4CFA-9CC1-3C7B47997D8C}.Debug|Any CPU.Build.0 = Debug|Any CPU
		{9264694D-C25B-4CFA-9CC1-3C7B47997D8C}.Release|Any CPU.ActiveCfg = Release|Any CPU
		{9264694D-C25B-4CFA-9CC1-3C7B47997D8C}.Release|Any CPU.Build.0 = Release|Any CPU
	EndGlobalSection
	GlobalSection(SolutionProperties) = preSolution
		HideSolutionNode = FALSE
	EndGlobalSection
	GlobalSection(ExtensibilityGlobals) = postSolution
		SolutionGuid = {9BE44000-CAB2-4C16-927F-F405FC490F5B}
	EndGlobalSection
EndGlobal
